<?xml version="1.0" encoding="utf-8"?>
<Project ToolsVersion="4.0" xmlns="http://schemas.microsoft.com/developer/msbuild/2003">
  <ItemGroup>
    <ClCompile Include="CiudadId.cpp" />
    <ClCompile Include="ControladorArchivos.cpp" />
    <ClCompile Include="ControladorHoteles.cpp" />
    <ClCompile Include="ControladorPaquetes.cpp" />
    <ClCompile Include="ControladorPrincipal.cpp" />
    <ClCompile Include="ControladorRutas.cpp" />
    <ClCompile Include="ControladorTickets.cpp" />
    <ClCompile Include="ControladorVuelos.cpp" />
    <ClCompile Include="GestionPantallas.cpp" />
    <ClCompile Include="Pirncipal.cpp" />
    <ClCompile Include="Pantallas.cpp" />
    <ClCompile Include="Ruta.cpp" />
    <ClCompile Include="Ticket.cpp" />
    <ClCompile Include="Vuelo.cpp" />
    <ClCompile Include="Hotel.cpp" />
    <ClCompile Include="Paquete.cpp" />
    <ClCompile Include="AdminPantallas.cpp" />
  </ItemGroup>
  <ItemGroup>
    <ClInclude Include="Cola.h" />
    <ClInclude Include="ControladorArchivos.h" />
    <ClInclude Include="ControladorHoteles.h" />
    <ClInclude Include="ControladorPaquetes.h" />
    <ClInclude Include="ControladorPrincipal.h" />
    <ClInclude Include="ControladorRutas.h" />
    <ClInclude Include="ControladorTickets.h" />
    <ClInclude Include="ControladorVuelos.h" />
    <ClInclude Include="GestionPantallas.h" />
    <ClInclude Include="Lista.h" />
    <ClInclude Include="Nodo.h" />
    <ClInclude Include="Color.h" />
    <ClInclude Include="Paquete.h" />
    <ClInclude Include="Ruta.h" />
    <ClInclude Include="CiudadID.h" />
    <ClInclude Include="Ticket.h" />
    <ClInclude Include="Vuelo.h" />
    <ClInclude Include="Hotel.h" />
    <ClInclude Include="AdminPantallas.h" />
  </ItemGroup>
  <ItemGroup>
    <Text Include="Hoteles.txt" />
    <Text Include="Paquetes.txt" />
    <Text Include="Rutas.txt" />
    <Text Include="Tickets.txt" />
    <Text Include="Vuelos.txt" />
  </ItemGroup>
</Project>