<?xml version="1.0" encoding="utf-8"?>
<Project ToolsVersion="4.0" xmlns="http://schemas.microsoft.com/developer/msbuild/2003">
  <ItemGroup>
    <Filter Include="Resource Files">
      <UniqueIdentifier>{67DA6AB6-F800-4c08-8B7A-83BB121AAD01}</UniqueIdentifier>
      <Extensions>rc;ico;cur;bmp;dlg;rc2;rct;bin;rgs;gif;jpg;jpeg;jpe;resx;tiff;tif;png;wav;mfcribbon-ms</Extensions>
    </Filter>
    <Filter Include="Principal">
      <UniqueIdentifier>{a3154eac-97f3-4025-93f9-c0253ce39238}</UniqueIdentifier>
    </Filter>
    <Filter Include="Lista-Nodo">
      <UniqueIdentifier>{3bd76714-a1d4-466c-a3d6-8104c65eb802}</UniqueIdentifier>
    </Filter>
    <Filter Include="Controlador">
      <UniqueIdentifier>{5612cd2d-eb37-4b8b-98cd-06bd150e51a9}</UniqueIdentifier>
    </Filter>
    <Filter Include="UI">
      <UniqueIdentifier>{6959cc93-4a5e-4d86-a1de-e7e2f23eaf75}</UniqueIdentifier>
    </Filter>
    <Filter Include="Model">
      <UniqueIdentifier>{2afb65fc-6daf-4b9d-bc31-f80238833254}</UniqueIdentifier>
    </Filter>
  </ItemGroup>
  <ItemGroup>
    <ClCompile Include="Pirncipal.cpp">
      <Filter>Principal</Filter>
    </ClCompile>
    <ClCompile Include="Pantallas.cpp">
      <Filter>UI</Filter>
    </ClCompile>
    <ClCompile Include="ControladorArchivos.cpp">
      <Filter>Controlador</Filter>
    </ClCompile>
    <ClCompile Include="Ruta.cpp">
      <Filter>Model</Filter>
    </ClCompile>
    <ClCompile Include="CiudadId.cpp">
      <Filter>Model</Filter>
    </ClCompile>
  </ItemGroup>
  <ItemGroup>
    <ClInclude Include="Nodo.h">
      <Filter>Lista-Nodo</Filter>
    </ClInclude>
    <ClInclude Include="Lista.h">
      <Filter>Lista-Nodo</Filter>
    </ClInclude>
    <ClInclude Include="Color.h">
      <Filter>UI</Filter>
    </ClInclude>
    <ClInclude Include="ControladorArchivos.h">
      <Filter>Controlador</Filter>
    </ClInclude>
    <ClInclude Include="Ruta.h">
      <Filter>Model</Filter>
    </ClInclude>
    <ClInclude Include="CiudadId.h">
      <Filter>Model</Filter>
    </ClInclude>
  </ItemGroup>
</Project>